
Microsoft Visual Studio Solution File, Format Version 12.00
# Visual Studio Version 16
VisualStudioVersion = 16.0.30309.148
MinimumVisualStudioVersion = 10.0.40219.1
Project("{FAE04EC0-301F-11D3-BF4B-00C04F79EFBC}") = "ClientWindowsForms", "ClientWindowsForms\ClientWindowsForms.csproj", "{322BCEA5-A5E7-40C3-A3B2-581B4F90E7CF}"
EndProject
Global
	GlobalSection(SolutionConfigurationPlatforms) = preSolution
		Debug|Any CPU = Debug|Any CPU
		Release|Any CPU = Release|Any CPU
	EndGlobalSection
	GlobalSection(ProjectConfigurationPlatforms) = postSolution
		{322BCEA5-A5E7-40C3-A3B2-581B4F90E7CF}.Debug|Any CPU.ActiveCfg = Debug|Any CPU
		{322BCEA5-A5E7-40C3-A3B2-581B4F90E7CF}.Debug|Any CPU.Build.0 = Debug|Any CPU
		{322BCEA5-A5E7-40C3-A3B2-581B4F90E7CF}.Release|Any CPU.ActiveCfg = Release|Any CPU
		{322BCEA5-A5E7-40C3-A3B2-581B4F90E7CF}.Release|Any CPU.Build.0 = Release|Any CPU
	EndGlobalSection
	GlobalSection(SolutionProperties) = preSolution
		HideSolutionNode = FALSE
	EndGlobalSection
	GlobalSection(ExtensibilityGlobals) = postSolution
		SolutionGuid = {ACCB64CE-D988-4AAF-9779-D33F6F12E2D8}
	EndGlobalSection
EndGlobal
